
Microsoft Visual Studio Solution File, Format Version 12.00
# Visual Studio Version 17
VisualStudioVersion = 17.0.31919.166
MinimumVisualStudioVersion = 10.0.40219.1
Project("{8BC9CEB8-8B4A-11D0-8D11-00A0C91BC942}") = "GLMThreading", "GLMThreading.vcxproj", "{382C1B14-21EB-4192-BB6F-3462AE20C0A2}"
EndProject
Global
	GlobalSection(SolutionConfigurationPlatforms) = preSolution
		Debug|Win32 = Debug|Win32
		Debug|x64 = Debug|x64
		Debug|x86 = Debug|x86
		gm|Win32 = gm|Win32
		gm|x64 = gm|x64
		gm|x86 = gm|x86
		Release|Win32 = Release|Win32
		Release|x64 = Release|x64
		Release|x86 = Release|x86
	EndGlobalSection
	GlobalSection(ProjectConfigurationPlatforms) = postSolution
		{382C1B14-21EB-4192-BB6F-3462AE20C0A2}.Debug|Win32.ActiveCfg = Debug|Win32
		{382C1B14-21EB-4192-BB6F-3462AE20C0A2}.Debug|Win32.Build.0 = Debug|Win32
		{382C1B14-21EB-4192-BB6F-3462AE20C0A2}.Debug|x64.ActiveCfg = Debug|Win32
		{382C1B14-21EB-4192-BB6F-3462AE20C0A2}.Debug|x64.Build.0 = Debug|Win32
		{382C1B14-21EB-4192-BB6F-3462AE20C0A2}.Debug|x86.ActiveCfg = Debug|Win32
		{382C1B14-21EB-4192-BB6F-3462AE20C0A2}.Debug|x86.Build.0 = Debug|Win32
		{382C1B14-21EB-4192-BB6F-3462AE20C0A2}.gm|Win32.ActiveCfg = gm|Win32
		{382C1B14-21EB-4192-BB6F-3462AE20C0A2}.gm|Win32.Build.0 = gm|Win32
		{382C1B14-21EB-4192-BB6F-3462AE20C0A2}.gm|x64.ActiveCfg = gm|Win32
		{382C1B14-21EB-4192-BB6F-3462AE20C0A2}.gm|x64.Build.0 = gm|Win32
		{382C1B14-21EB-4192-BB6F-3462AE20C0A2}.gm|x86.ActiveCfg = gm|Win32
		{382C1B14-21EB-4192-BB6F-3462AE20C0A2}.gm|x86.Build.0 = gm|Win32
		{382C1B14-21EB-4192-BB6F-3462AE20C0A2}.Release|Win32.ActiveCfg = Debug|Win32
		{382C1B14-21EB-4192-BB6F-3462AE20C0A2}.Release|Win32.Build.0 = Debug|Win32
		{382C1B14-21EB-4192-BB6F-3462AE20C0A2}.Release|x64.ActiveCfg = Release|x64
		{382C1B14-21EB-4192-BB6F-3462AE20C0A2}.Release|x64.Build.0 = Release|x64
		{382C1B14-21EB-4192-BB6F-3462AE20C0A2}.Release|x86.ActiveCfg = Release|Win32
		{382C1B14-21EB-4192-BB6F-3462AE20C0A2}.Release|x86.Build.0 = Release|Win32
	EndGlobalSection
	GlobalSection(SolutionProperties) = preSolution
		HideSolutionNode = FALSE
	EndGlobalSection
	GlobalSection(ExtensibilityGlobals) = postSolution
		SolutionGuid = {7C063639-10C2-4A02-AD19-4E494BE74898}
	EndGlobalSection
EndGlobal
